// !$*UTF8*$!
{
	archiveVersion = 1;
	classes = {
	};
	objectVersion = 50;
	objects = {

/* Begin PBXBuildFile section */
		CA059EA32545B9B6006649AF /* MemorizeApp.swift in Sources */ = {isa = PBXBuildFile; fileRef = CA059EA22545B9B6006649AF /* MemorizeApp.swift */; };
		CA059EA52545B9B6006649AF /* ContentView.swift in Sources */ = {isa = PBXBuildFile; fileRef = CA059EA42545B9B6006649AF /* ContentView.swift */; };
		CA059EA72545B9B8006649AF /* Assets.xcassets in Resources */ = {isa = PBXBuildFile; fileRef = CA059EA62545B9B8006649AF /* Assets.xcassets */; };
		CA059EAA2545B9B8006649AF /* Preview Assets.xcassets in Resources */ = {isa = PBXBuildFile; fileRef = CA059EA92545B9B8006649AF /* Preview Assets.xcassets */; };
		CA059EB52545B9B8006649AF /* MemorizeTests.swift in Sources */ = {isa = PBXBuildFile; fileRef = CA059EB42545B9B8006649AF /* MemorizeTests.swift */; };
		CA059EC02545B9B8006649AF /* MemorizeUITests.swift in Sources */ = {isa = PBXBuildFile; fileRef = CA059EBF2545B9B8006649AF /* MemorizeUITests.swift */; };
		CA059ED12545BE4C006649AF /* MemoryGame.swift in Sources */ = {isa = PBXBuildFile; fileRef = CA059ED02545BE4C006649AF /* MemoryGame.swift */; };
		CA059ED62545C357006649AF /* EmojiMemoryGameViewModel.swift in Sources */ = {isa = PBXBuildFile; fileRef = CA059ED52545C356006649AF /* EmojiMemoryGameViewModel.swift */; };
		CA059EDD254616C9006649AF /* Array+Identifiable.swift in Sources */ = {isa = PBXBuildFile; fileRef = CA059EDC254616C9006649AF /* Array+Identifiable.swift */; };
		CA110B7225464AEF0006FA02 /* Pie.swift in Sources */ = {isa = PBXBuildFile; fileRef = CA110B7125464AEF0006FA02 /* Pie.swift */; };
		CA49D7B32546642C00E9B679 /* Cardify.swift in Sources */ = {isa = PBXBuildFile; fileRef = CA49D7B22546642C00E9B679 /* Cardify.swift */; };
		CADC6BFE254629A1009622EB /* Array+Only.swift in Sources */ = {isa = PBXBuildFile; fileRef = CADC6BFD254629A1009622EB /* Array+Only.swift */; };
/* End PBXBuildFile section */

/* Begin PBXContainerItemProxy section */
		CA059EB12545B9B8006649AF /* PBXContainerItemProxy */ = {
			isa = PBXContainerItemProxy;
			containerPortal = CA059E972545B9B6006649AF /* Project object */;
			proxyType = 1;
			remoteGlobalIDString = CA059E9E2545B9B6006649AF;
			remoteInfo = Memorize;
		};
		CA059EBC2545B9B8006649AF /* PBXContainerItemProxy */ = {
			isa = PBXContainerItemProxy;
			containerPortal = CA059E972545B9B6006649AF /* Project object */;
			proxyType = 1;
			remoteGlobalIDString = CA059E9E2545B9B6006649AF;
			remoteInfo = Memorize;
		};
/* End PBXContainerItemProxy section */

/* Begin PBXFileReference section */
		CA059E9F2545B9B6006649AF /* Memorize.app */ = {isa = PBXFileReference; explicitFileType = wrapper.application; includeInIndex = 0; path = Memorize.app; sourceTree = BUILT_PRODUCTS_DIR; };
		CA059EA22545B9B6006649AF /* MemorizeApp.swift */ = {isa = PBXFileReference; lastKnownFileType = sourcecode.swift; path = MemorizeApp.swift; sourceTree = "<group>"; };
		CA059EA42545B9B6006649AF /* ContentView.swift */ = {isa = PBXFileReference; lastKnownFileType = sourcecode.swift; path = ContentView.swift; sourceTree = "<group>"; };
		CA059EA62545B9B8006649AF /* Assets.xcassets */ = {isa = PBXFileReference; lastKnownFileType = folder.assetcatalog; path = Assets.xcassets; sourceTree = "<group>"; };
		CA059EA92545B9B8006649AF /* Preview Assets.xcassets */ = {isa = PBXFileReference; lastKnownFileType = folder.assetcatalog; path = "Preview Assets.xcassets"; sourceTree = "<group>"; };
		CA059EAB2545B9B8006649AF /* Info.plist */ = {isa = PBXFileReference; lastKnownFileType = text.plist.xml; path = Info.plist; sourceTree = "<group>"; };
		CA059EB02545B9B8006649AF /* MemorizeTests.xctest */ = {isa = PBXFileReference; explicitFileType = wrapper.cfbundle; includeInIndex = 0; path = MemorizeTests.xctest; sourceTree = BUILT_PRODUCTS_DIR; };
		CA059EB42545B9B8006649AF /* MemorizeTests.swift */ = {isa = PBXFileReference; lastKnownFileType = sourcecode.swift; path = MemorizeTests.swift; sourceTree = "<group>"; };
		CA059EB62545B9B8006649AF /* Info.plist */ = {isa = PBXFileReference; lastKnownFileType = text.plist.xml; path = Info.plist; sourceTree = "<group>"; };
		CA059EBB2545B9B8006649AF /* MemorizeUITests.xctest */ = {isa = PBXFileReference; explicitFileType = wrapper.cfbundle; includeInIndex = 0; path = MemorizeUITests.xctest; sourceTree = BUILT_PRODUCTS_DIR; };
		CA059EBF2545B9B8006649AF /* MemorizeUITests.swift */ = {isa = PBXFileReference; lastKnownFileType = sourcecode.swift; path = MemorizeUITests.swift; sourceTree = "<group>"; };
		CA059EC12545B9B8006649AF /* Info.plist */ = {isa = PBXFileReference; lastKnownFileType = text.plist.xml; path = Info.plist; sourceTree = "<group>"; };
		CA059ED02545BE4C006649AF /* MemoryGame.swift */ = {isa = PBXFileReference; lastKnownFileType = sourcecode.swift; path = MemoryGame.swift; sourceTree = "<group>"; };
		CA059ED52545C356006649AF /* EmojiMemoryGameViewModel.swift */ = {isa = PBXFileReference; lastKnownFileType = sourcecode.swift; path = EmojiMemoryGameViewModel.swift; sourceTree = "<group>"; };
		CA059EDC254616C9006649AF /* Array+Identifiable.swift */ = {isa = PBXFileReference; lastKnownFileType = sourcecode.swift; path = "Array+Identifiable.swift"; sourceTree = "<group>"; };
		CA110B7125464AEF0006FA02 /* Pie.swift */ = {isa = PBXFileReference; lastKnownFileType = sourcecode.swift; path = Pie.swift; sourceTree = "<group>"; };
		CA49D7B22546642C00E9B679 /* Cardify.swift */ = {isa = PBXFileReference; lastKnownFileType = sourcecode.swift; path = Cardify.swift; sourceTree = "<group>"; };
		CADC6BFD254629A1009622EB /* Array+Only.swift */ = {isa = PBXFileReference; lastKnownFileType = sourcecode.swift; path = "Array+Only.swift"; sourceTree = "<group>"; };
/* End PBXFileReference section */

/* Begin PBXFrameworksBuildPhase section */
		CA059E9C2545B9B6006649AF /* Frameworks */ = {
			isa = PBXFrameworksBuildPhase;
			buildActionMask = 2147483647;
			files = (
			);
			runOnlyForDeploymentPostprocessing = 0;
		};
		CA059EAD2545B9B8006649AF /* Frameworks */ = {
			isa = PBXFrameworksBuildPhase;
			buildActionMask = 2147483647;
			files = (
			);
			runOnlyForDeploymentPostprocessing = 0;
		};
		CA059EB82545B9B8006649AF /* Frameworks */ = {
			isa = PBXFrameworksBuildPhase;
			buildActionMask = 2147483647;
			files = (
			);
			runOnlyForDeploymentPostprocessing = 0;
		};
/* End PBXFrameworksBuildPhase section */

/* Begin PBXGroup section */
		CA059E962545B9B6006649AF = {
			isa = PBXGroup;
			children = (
				CA49D7B22546642C00E9B679 /* Cardify.swift */,
				CA110B7125464AEF0006FA02 /* Pie.swift */,
				CADC6BFD254629A1009622EB /* Array+Only.swift */,
				CA059EA12545B9B6006649AF /* Memorize */,
				CA059EB32545B9B8006649AF /* MemorizeTests */,
				CA059EBE2545B9B8006649AF /* MemorizeUITests */,
				CA059EA02545B9B6006649AF /* Products */,
			);
			sourceTree = "<group>";
		};
		CA059EA02545B9B6006649AF /* Products */ = {
			isa = PBXGroup;
			children = (
				CA059E9F2545B9B6006649AF /* Memorize.app */,
				CA059EB02545B9B8006649AF /* MemorizeTests.xctest */,
				CA059EBB2545B9B8006649AF /* MemorizeUITests.xctest */,
			);
			name = Products;
			sourceTree = "<group>";
		};
		CA059EA12545B9B6006649AF /* Memorize */ = {
			isa = PBXGroup;
			children = (
				CA059EA22545B9B6006649AF /* MemorizeApp.swift */,
				CA059EA42545B9B6006649AF /* ContentView.swift */,
				CA059ED02545BE4C006649AF /* MemoryGame.swift */,
				CA059EDC254616C9006649AF /* Array+Identifiable.swift */,
				CA059ED52545C356006649AF /* EmojiMemoryGameViewModel.swift */,
				CA059EA62545B9B8006649AF /* Assets.xcassets */,
				CA059EAB2545B9B8006649AF /* Info.plist */,
				CA059EA82545B9B8006649AF /* Preview Content */,
			);
			path = Memorize;
			sourceTree = "<group>";
		};
		CA059EA82545B9B8006649AF /* Preview Content */ = {
			isa = PBXGroup;
			children = (
				CA059EA92545B9B8006649AF /* Preview Assets.xcassets */,
			);
			path = "Preview Content";
			sourceTree = "<group>";
		};
		CA059EB32545B9B8006649AF /* MemorizeTests */ = {
			isa = PBXGroup;
			children = (
				CA059EB42545B9B8006649AF /* MemorizeTests.swift */,
				CA059EB62545B9B8006649AF /* Info.plist */,
			);
			path = MemorizeTests;
			sourceTree = "<group>";
		};
		CA059EBE2545B9B8006649AF /* MemorizeUITests */ = {
			isa = PBXGroup;
			children = (
				CA059EBF2545B9B8006649AF /* MemorizeUITests.swift */,
				CA059EC12545B9B8006649AF /* Info.plist */,
			);
			path = MemorizeUITests;
			sourceTree = "<group>";
		};
/* End PBXGroup section */

/* Begin PBXNativeTarget section */
		CA059E9E2545B9B6006649AF /* Memorize */ = {
			isa = PBXNativeTarget;
			buildConfigurationList = CA059EC42545B9B8006649AF /* Build configuration list for PBXNativeTarget "Memorize" */;
			buildPhases = (
				CA059E9B2545B9B6006649AF /* Sources */,
				CA059E9C2545B9B6006649AF /* Frameworks */,
				CA059E9D2545B9B6006649AF /* Resources */,
			);
			buildRules = (
			);
			dependencies = (
			);
			name = Memorize;
			productName = Memorize;
			productReference = CA059E9F2545B9B6006649AF /* Memorize.app */;
			productType = "com.apple.product-type.application";
		};
		CA059EAF2545B9B8006649AF /* MemorizeTests */ = {
			isa = PBXNativeTarget;
			buildConfigurationList = CA059EC72545B9B8006649AF /* Build configuration list for PBXNativeTarget "MemorizeTests" */;
			buildPhases = (
				CA059EAC2545B9B8006649AF /* Sources */,
				CA059EAD2545B9B8006649AF /* Frameworks */,
				CA059EAE2545B9B8006649AF /* Resources */,
			);
			buildRules = (
			);
			dependencies = (
				CA059EB22545B9B8006649AF /* PBXTargetDependency */,
			);
			name = MemorizeTests;
			productName = MemorizeTests;
			productReference = CA059EB02545B9B8006649AF /* MemorizeTests.xctest */;
			productType = "com.apple.product-type.bundle.unit-test";
		};
		CA059EBA2545B9B8006649AF /* MemorizeUITests */ = {
			isa = PBXNativeTarget;
			buildConfigurationList = CA059ECA2545B9B8006649AF /* Build configuration list for PBXNativeTarget "MemorizeUITests" */;
			buildPhases = (
				CA059EB72545B9B8006649AF /* Sources */,
				CA059EB82545B9B8006649AF /* Frameworks */,
				CA059EB92545B9B8006649AF /* Resources */,
			);
			buildRules = (
			);
			dependencies = (
				CA059EBD2545B9B8006649AF /* PBXTargetDependency */,
			);
			name = MemorizeUITests;
			productName = MemorizeUITests;
			productReference = CA059EBB2545B9B8006649AF /* MemorizeUITests.xctest */;
			productType = "com.apple.product-type.bundle.ui-testing";
		};
/* End PBXNativeTarget section */

/* Begin PBXProject section */
		CA059E972545B9B6006649AF /* Project object */ = {
			isa = PBXProject;
			attributes = {
				LastSwiftUpdateCheck = 1200;
				LastUpgradeCheck = 1200;
				TargetAttributes = {
					CA059E9E2545B9B6006649AF = {
						CreatedOnToolsVersion = 12.0.1;
					};
					CA059EAF2545B9B8006649AF = {
						CreatedOnToolsVersion = 12.0.1;
						TestTargetID = CA059E9E2545B9B6006649AF;
					};
					CA059EBA2545B9B8006649AF = {
						CreatedOnToolsVersion = 12.0.1;
						TestTargetID = CA059E9E2545B9B6006649AF;
					};
				};
			};
			buildConfigurationList = CA059E9A2545B9B6006649AF /* Build configuration list for PBXProject "Memorize" */;
			compatibilityVersion = "Xcode 9.3";
			developmentRegion = en;
			hasScannedForEncodings = 0;
			knownRegions = (
				en,
				Base,
			);
			mainGroup = CA059E962545B9B6006649AF;
			productRefGroup = CA059EA02545B9B6006649AF /* Products */;
			projectDirPath = "";
			projectRoot = "";
			targets = (
				CA059E9E2545B9B6006649AF /* Memorize */,
				CA059EAF2545B9B8006649AF /* MemorizeTests */,
				CA059EBA2545B9B8006649AF /* MemorizeUITests */,
			);
		};
/* End PBXProject section */

/* Begin PBXResourcesBuildPhase section */
		CA059E9D2545B9B6006649AF /* Resources */ = {
			isa = PBXResourcesBuildPhase;
			buildActionMask = 2147483647;
			files = (
				CA059EAA2545B9B8006649AF /* Preview Assets.xcassets in Resources */,
				CA059EA72545B9B8006649AF /* Assets.xcassets in Resources */,
			);
			runOnlyForDeploymentPostprocessing = 0;
		};
		CA059EAE2545B9B8006649AF /* Resources */ = {
			isa = PBXResourcesBuildPhase;
			buildActionMask = 2147483647;
			files = (
			);
			runOnlyForDeploymentPostprocessing = 0;
		};
		CA059EB92545B9B8006649AF /* Resources */ = {
			isa = PBXResourcesBuildPhase;
			buildActionMask = 2147483647;
			files = (
			);
			runOnlyForDeploymentPostprocessing = 0;
		};
/* End PBXResourcesBuildPhase section */

/* Begin PBXSourcesBuildPhase section */
		CA059E9B2545B9B6006649AF /* Sources */ = {
			isa = PBXSourcesBuildPhase;
			buildActionMask = 2147483647;
			files = (
				CA059EDD254616C9006649AF /* Array+Identifiable.swift in Sources */,
				CA059ED62545C357006649AF /* EmojiMemoryGameViewModel.swift in Sources */,
				CA49D7B32546642C00E9B679 /* Cardify.swift in Sources */,
				CA059ED12545BE4C006649AF /* MemoryGame.swift in Sources */,
				CADC6BFE254629A1009622EB /* Array+Only.swift in Sources */,
				CA110B7225464AEF0006FA02 /* Pie.swift in Sources */,
				CA059EA52545B9B6006649AF /* ContentView.swift in Sources */,
				CA059EA32545B9B6006649AF /* MemorizeApp.swift in Sources */,
			);
			runOnlyForDeploymentPostprocessing = 0;
		};
		CA059EAC2545B9B8006649AF /* Sources */ = {
			isa = PBXSourcesBuildPhase;
			buildActionMask = 2147483647;
			files = (
				CA059EB52545B9B8006649AF /* MemorizeTests.swift in Sources */,
			);
			runOnlyForDeploymentPostprocessing = 0;
		};
		CA059EB72545B9B8006649AF /* Sources */ = {
			isa = PBXSourcesBuildPhase;
			buildActionMask = 2147483647;
			files = (
				CA059EC02545B9B8006649AF /* MemorizeUITests.swift in Sources */,
			);
			runOnlyForDeploymentPostprocessing = 0;
		};
/* End PBXSourcesBuildPhase section */

/* Begin PBXTargetDependency section */
		CA059EB22545B9B8006649AF /* PBXTargetDependency */ = {
			isa = PBXTargetDependency;
			target = CA059E9E2545B9B6006649AF /* Memorize */;
			targetProxy = CA059EB12545B9B8006649AF /* PBXContainerItemProxy */;
		};
		CA059EBD2545B9B8006649AF /* PBXTargetDependency */ = {
			isa = PBXTargetDependency;
			target = CA059E9E2545B9B6006649AF /* Memorize */;
			targetProxy = CA059EBC2545B9B8006649AF /* PBXContainerItemProxy */;
		};
/* End PBXTargetDependency section */

/* Begin XCBuildConfiguration section */
		CA059EC22545B9B8006649AF /* Debug */ = {
			isa = XCBuildConfiguration;
			buildSettings = {
				ALWAYS_SEARCH_USER_PATHS = NO;
				CLANG_ANALYZER_NONNULL = YES;
				CLANG_ANALYZER_NUMBER_OBJECT_CONVERSION = YES_AGGRESSIVE;
				CLANG_CXX_LANGUAGE_STANDARD = "gnu++14";
				CLANG_CXX_LIBRARY = "libc++";
				CLANG_ENABLE_MODULES = YES;
				CLANG_ENABLE_OBJC_ARC = YES;
				CLANG_ENABLE_OBJC_WEAK = YES;
				CLANG_WARN_BLOCK_CAPTURE_AUTORELEASING = YES;
				CLANG_WARN_BOOL_CONVERSION = YES;
				CLANG_WARN_COMMA = YES;
				CLANG_WARN_CONSTANT_CONVERSION = YES;
				CLANG_WARN_DEPRECATED_OBJC_IMPLEMENTATIONS = YES;
				CLANG_WARN_DIRECT_OBJC_ISA_USAGE = YES_ERROR;
				CLANG_WARN_DOCUMENTATION_COMMENTS = YES;
				CLANG_WARN_EMPTY_BODY = YES;
				CLANG_WARN_ENUM_CONVERSION = YES;
				CLANG_WARN_INFINITE_RECURSION = YES;
				CLANG_WARN_INT_CONVERSION = YES;
				CLANG_WARN_NON_LITERAL_NULL_CONVERSION = YES;
				CLANG_WARN_OBJC_IMPLICIT_RETAIN_SELF = YES;
				CLANG_WARN_OBJC_LITERAL_CONVERSION = YES;
				CLANG_WARN_OBJC_ROOT_CLASS = YES_ERROR;
				CLANG_WARN_QUOTED_INCLUDE_IN_FRAMEWORK_HEADER = YES;
				CLANG_WARN_RANGE_LOOP_ANALYSIS = YES;
				CLANG_WARN_STRICT_PROTOTYPES = YES;
				CLANG_WARN_SUSPICIOUS_MOVE = YES;
				CLANG_WARN_UNGUARDED_AVAILABILITY = YES_AGGRESSIVE;
				CLANG_WARN_UNREACHABLE_CODE = YES;
				CLANG_WARN__DUPLICATE_METHOD_MATCH = YES;
				COPY_PHASE_STRIP = NO;
				DEBUG_INFORMATION_FORMAT = dwarf;
				ENABLE_STRICT_OBJC_MSGSEND = YES;
				ENABLE_TESTABILITY = YES;
				GCC_C_LANGUAGE_STANDARD = gnu11;
				GCC_DYNAMIC_NO_PIC = NO;
				GCC_NO_COMMON_BLOCKS = YES;
				GCC_OPTIMIZATION_LEVEL = 0;
				GCC_PREPROCESSOR_DEFINITIONS = (
					"DEBUG=1",
					"$(inherited)",
				);
				GCC_WARN_64_TO_32_BIT_CONVERSION = YES;
				GCC_WARN_ABOUT_RETURN_TYPE = YES_ERROR;
				GCC_WARN_UNDECLARED_SELECTOR = YES;
				GCC_WARN_UNINITIALIZED_AUTOS = YES_AGGRESSIVE;
				GCC_WARN_UNUSED_FUNCTION = YES;
				GCC_WARN_UNUSED_VARIABLE = YES;
				IPHONEOS_DEPLOYMENT_TARGET = 14.0;
				MTL_ENABLE_DEBUG_INFO = INCLUDE_SOURCE;
				MTL_FAST_MATH = YES;
				ONLY_ACTIVE_ARCH = YES;
				SDKROOT = iphoneos;
				SWIFT_ACTIVE_COMPILATION_CONDITIONS = DEBUG;
				SWIFT_OPTIMIZATION_LEVEL = "-Onone";
			};
			name = Debug;
		};
		CA059EC32545B9B8006649AF /* Release */ = {
			isa = XCBuildConfiguration;
			buildSettings = {
				ALWAYS_SEARCH_USER_PATHS = NO;
				CLANG_ANALYZER_NONNULL = YES;
				CLANG_ANALYZER_NUMBER_OBJECT_CONVERSION = YES_AGGRESSIVE;
				CLANG_CXX_LANGUAGE_STANDARD = "gnu++14";
				CLANG_CXX_LIBRARY = "libc++";
				CLANG_ENABLE_MODULES = YES;
				CLANG_ENABLE_OBJC_ARC = YES;
				CLANG_ENABLE_OBJC_WEAK = YES;
				CLANG_WARN_BLOCK_CAPTURE_AUTORELEASING = YES;
				CLANG_WARN_BOOL_CONVERSION = YES;
				CLANG_WARN_COMMA = YES;
				CLANG_WARN_CONSTANT_CONVERSION = YES;
				CLANG_WARN_DEPRECATED_OBJC_IMPLEMENTATIONS = YES;
				CLANG_WARN_DIRECT_OBJC_ISA_USAGE = YES_ERROR;
				CLANG_WARN_DOCUMENTATION_COMMENTS = YES;
				CLANG_WARN_EMPTY_BODY = YES;
				CLANG_WARN_ENUM_CONVERSION = YES;
				CLANG_WARN_INFINITE_RECURSION = YES;
				CLANG_WARN_INT_CONVERSION = YES;
				CLANG_WARN_NON_LITERAL_NULL_CONVERSION = YES;
				CLANG_WARN_OBJC_IMPLICIT_RETAIN_SELF = YES;
				CLANG_WARN_OBJC_LITERAL_CONVERSION = YES;
				CLANG_WARN_OBJC_ROOT_CLASS = YES_ERROR;
				CLANG_WARN_QUOTED_INCLUDE_IN_FRAMEWORK_HEADER = YES;
				CLANG_WARN_RANGE_LOOP_ANALYSIS = YES;
				CLANG_WARN_STRICT_PROTOTYPES = YES;
				CLANG_WARN_SUSPICIOUS_MOVE = YES;
				CLANG_WARN_UNGUARDED_AVAILABILITY = YES_AGGRESSIVE;
				CLANG_WARN_UNREACHABLE_CODE = YES;
				CLANG_WARN__DUPLICATE_METHOD_MATCH = YES;
				COPY_PHASE_STRIP = NO;
				DEBUG_INFORMATION_FORMAT = "dwarf-with-dsym";
				ENABLE_NS_ASSERTIONS = NO;
				ENABLE_STRICT_OBJC_MSGSEND = YES;
				GCC_C_LANGUAGE_STANDARD = gnu11;
				GCC_NO_COMMON_BLOCKS = YES;
				GCC_WARN_64_TO_32_BIT_CONVERSION = YES;
				GCC_WARN_ABOUT_RETURN_TYPE = YES_ERROR;
				GCC_WARN_UNDECLARED_SELECTOR = YES;
				GCC_WARN_UNINITIALIZED_AUTOS = YES_AGGRESSIVE;
				GCC_WARN_UNUSED_FUNCTION = YES;
				GCC_WARN_UNUSED_VARIABLE = YES;
				IPHONEOS_DEPLOYMENT_TARGET = 14.0;
				MTL_ENABLE_DEBUG_INFO = NO;
				MTL_FAST_MATH = YES;
				SDKROOT = iphoneos;
				SWIFT_COMPILATION_MODE = wholemodule;
				SWIFT_OPTIMIZATION_LEVEL = "-O";
				VALIDATE_PRODUCT = YES;
			};
			name = Release;
		};
		CA059EC52545B9B8006649AF /* Debug */ = {
			isa = XCBuildConfiguration;
			buildSettings = {
				ASSETCATALOG_COMPILER_APPICON_NAME = AppIcon;
				ASSETCATALOG_COMPILER_GLOBAL_ACCENT_COLOR_NAME = AccentColor;
				CODE_SIGN_STYLE = Automatic;
				DEVELOPMENT_ASSET_PATHS = "\"Memorize/Preview Content\"";
				DEVELOPMENT_TEAM = FVH6V77N95;
				ENABLE_PREVIEWS = YES;
				INFOPLIST_FILE = Memorize/Info.plist;
				IPHONEOS_DEPLOYMENT_TARGET = 14.0;
				LD_RUNPATH_SEARCH_PATHS = (
					"$(inherited)",
					"@executable_path/Frameworks",
				);
				PRODUCT_BUNDLE_IDENTIFIER = com.mealpy.ces.Memorize;
				PRODUCT_NAME = "$(TARGET_NAME)";
				SWIFT_VERSION = 5.0;
				TARGETED_DEVICE_FAMILY = "1,2";
			};
			name = Debug;
		};
		CA059EC62545B9B8006649AF /* Release */ = {
			isa = XCBuildConfiguration;
			buildSettings = {
				ASSETCATALOG_COMPILER_APPICON_NAME = AppIcon;
				ASSETCATALOG_COMPILER_GLOBAL_ACCENT_COLOR_NAME = AccentColor;
				CODE_SIGN_STYLE = Automatic;
				DEVELOPMENT_ASSET_PATHS = "\"Memorize/Preview Content\"";
				DEVELOPMENT_TEAM = FVH6V77N95;
				ENABLE_PREVIEWS = YES;
				INFOPLIST_FILE = Memorize/Info.plist;
				IPHONEOS_DEPLOYMENT_TARGET = 14.0;
				LD_RUNPATH_SEARCH_PATHS = (
					"$(inherited)",
					"@executable_path/Frameworks",
				);
				PRODUCT_BUNDLE_IDENTIFIER = com.mealpy.ces.Memorize;
				PRODUCT_NAME = "$(TARGET_NAME)";
				SWIFT_VERSION = 5.0;
				TARGETED_DEVICE_FAMILY = "1,2";
			};
			name = Release;
		};
		CA059EC82545B9B8006649AF /* Debug */ = {
			isa = XCBuildConfiguration;
			buildSettings = {
				ALWAYS_EMBED_SWIFT_STANDARD_LIBRARIES = YES;
				BUNDLE_LOADER = "$(TEST_HOST)";
				CODE_SIGN_STYLE = Automatic;
				DEVELOPMENT_TEAM = FVH6V77N95;
				INFOPLIST_FILE = MemorizeTests/Info.plist;
				IPHONEOS_DEPLOYMENT_TARGET = 14.0;
				LD_RUNPATH_SEARCH_PATHS = (
					"$(inherited)",
					"@executable_path/Frameworks",
					"@loader_path/Frameworks",
				);
				PRODUCT_BUNDLE_IDENTIFIER = com.mealpy.ces.MemorizeTests;
				PRODUCT_NAME = "$(TARGET_NAME)";
				SWIFT_VERSION = 5.0;
				TARGETED_DEVICE_FAMILY = "1,2";
				TEST_HOST = "$(BUILT_PRODUCTS_DIR)/Memorize.app/Memorize";
			};
			name = Debug;
		};
		CA059EC92545B9B8006649AF /* Release */ = {
			isa = XCBuildConfiguration;
			buildSettings = {
				ALWAYS_EMBED_SWIFT_STANDARD_LIBRARIES = YES;
				BUNDLE_LOADER = "$(TEST_HOST)";
				CODE_SIGN_STYLE = Automatic;
				DEVELOPMENT_TEAM = FVH6V77N95;
				INFOPLIST_FILE = MemorizeTests/Info.plist;
				IPHONEOS_DEPLOYMENT_TARGET = 14.0;
				LD_RUNPATH_SEARCH_PATHS = (
					"$(inherited)",
					"@executable_path/Frameworks",
					"@loader_path/Frameworks",
				);
				PRODUCT_BUNDLE_IDENTIFIER = com.mealpy.ces.MemorizeTests;
				PRODUCT_NAME = "$(TARGET_NAME)";
				SWIFT_VERSION = 5.0;
				TARGETED_DEVICE_FAMILY = "1,2";
				TEST_HOST = "$(BUILT_PRODUCTS_DIR)/Memorize.app/Memorize";
			};
			name = Release;
		};
		CA059ECB2545B9B8006649AF /* Debug */ = {
			isa = XCBuildConfiguration;
			buildSettings = {
				ALWAYS_EMBED_SWIFT_STANDARD_LIBRARIES = YES;
				CODE_SIGN_STYLE = Automatic;
				DEVELOPMENT_TEAM = FVH6V77N95;
				INFOPLIST_FILE = MemorizeUITests/Info.plist;
				LD_RUNPATH_SEARCH_PATHS = (
					"$(inherited)",
					"@executable_path/Frameworks",
					"@loader_path/Frameworks",
				);
				PRODUCT_BUNDLE_IDENTIFIER = com.mealpy.ces.MemorizeUITests;
				PRODUCT_NAME = "$(TARGET_NAME)";
				SWIFT_VERSION = 5.0;
				TARGETED_DEVICE_FAMILY = "1,2";
				TEST_TARGET_NAME = Memorize;
			};
			name = Debug;
		};
		CA059ECC2545B9B8006649AF /* Release */ = {
			isa = XCBuildConfiguration;
			buildSettings = {
				ALWAYS_EMBED_SWIFT_STANDARD_LIBRARIES = YES;
				CODE_SIGN_STYLE = Automatic;
				DEVELOPMENT_TEAM = FVH6V77N95;
				INFOPLIST_FILE = MemorizeUITests/Info.plist;
				LD_RUNPATH_SEARCH_PATHS = (
					"$(inherited)",
					"@executable_path/Frameworks",
					"@loader_path/Frameworks",
				);
				PRODUCT_BUNDLE_IDENTIFIER = com.mealpy.ces.MemorizeUITests;
				PRODUCT_NAME = "$(TARGET_NAME)";
				SWIFT_VERSION = 5.0;
				TARGETED_DEVICE_FAMILY = "1,2";
				TEST_TARGET_NAME = Memorize;
			};
			name = Release;
		};
/* End XCBuildConfiguration section */

/* Begin XCConfigurationList section */
		CA059E9A2545B9B6006649AF /* Build configuration list for PBXProject "Memorize" */ = {
			isa = XCConfigurationList;
			buildConfigurations = (
				CA059EC22545B9B8006649AF /* Debug */,
				CA059EC32545B9B8006649AF /* Release */,
			);
			defaultConfigurationIsVisible = 0;
			defaultConfigurationName = Release;
		};
		CA059EC42545B9B8006649AF /* Build configuration list for PBXNativeTarget "Memorize" */ = {
			isa = XCConfigurationList;
			buildConfigurations = (
				CA059EC52545B9B8006649AF /* Debug */,
				CA059EC62545B9B8006649AF /* Release */,
			);
			defaultConfigurationIsVisible = 0;
			defaultConfigurationName = Release;
		};
		CA059EC72545B9B8006649AF /* Build configuration list for PBXNativeTarget "MemorizeTests" */ = {
			isa = XCConfigurationList;
			buildConfigurations = (
				CA059EC82545B9B8006649AF /* Debug */,
				CA059EC92545B9B8006649AF /* Release */,
			);
			defaultConfigurationIsVisible = 0;
			defaultConfigurationName = Release;
		};
		CA059ECA2545B9B8006649AF /* Build configuration list for PBXNativeTarget "MemorizeUITests" */ = {
			isa = XCConfigurationList;
			buildConfigurations = (
				CA059ECB2545B9B8006649AF /* Debug */,
				CA059ECC2545B9B8006649AF /* Release */,
			);
			defaultConfigurationIsVisible = 0;
			defaultConfigurationName = Release;
		};
/* End XCConfigurationList section */
	};
	rootObject = CA059E972545B9B6006649AF /* Project object */;
}
